# THIS IS AN AUTOGENERATED FILE. DO NOT EDIT THIS FILE DIRECTLY.
# yarn lockfile v1


harper.js@^0.14.0:
  version "0.14.0"
  resolved "https://registry.yarnpkg.com/harper.js/-/harper.js-0.14.0.tgz#16d511070d4474dca501d4de1c76f7849ec0accb"
  integrity sha512-WRzop2PmFK2AZiqNMHHWDFIqFmS7DeoNVhyibyu7T6wuSe24E1Tunolz8ZzMPfcaKuBB2SY+yGbyTOyj+/QD8g==
