# THIS IS AN AUTOGENERATED FILE. DO NOT EDIT THIS FILE DIRECTLY.
# yarn lockfile v1


harper.js@^0.13.0:
  version "0.13.0"
  resolved "https://registry.yarnpkg.com/harper.js/-/harper.js-0.13.0.tgz#f9e945c842f4e07e1b7042e3eef00a8040b2e0dd"
  integrity sha512-XjiQG7kpooKCU2xp46mvNra9PUq5n3z5kXOaWvKjOBRyWIllvuEwvDv40cEUODhWD2ABVTEMea8odXRORfyruw==
  dependencies:
    wasm "link:../../../../../../.cache/yarn/v6/npm-harper-js-0.13.0-f9e945c842f4e07e1b7042e3eef00a8040b2e0dd-integrity/harper-wasm/pkg"

"wasm@link:../../../../../../.cache/yarn/v6/npm-harper-js-0.13.0-f9e945c842f4e07e1b7042e3eef00a8040b2e0dd-integrity/harper-wasm/pkg":
  version "0.0.0"
  uid ""
